Microsoft Visual Studio Solution File, Format Version 12.00
# Visual Studio Version 17
VisualStudioVersion = 17.0.31912.275
MinimumVisualStudioVersion = 10.0.40219.1
Project("{FAE04EC0-301F-11D3-BF4B-00C04F79EFBC}") = "Basic.Api", "src\SampleApp.Api\Basic.Api.csproj", "{17A99984-97F0-4337-8B30-497581989222}"
EndProject
Project("{FAE04EC0-301F-11D3-BF4B-00C04F79EFBC}") = "BasicApp.Models", "src\SampleApp.Models\BasicApp.Models.csproj", "{77620913-44BF-4DC2-8AC9-2C6B0BE05683}"
EndProject
Project("{FAE04EC0-301F-11D3-BF4B-00C04F79EFBC}") = "BasicApp.Infrastructure", "src\SampleApp.Infrastructure\BasicApp.Infrastructure.csproj", "{DA8E1D36-95FD-47A6-88C6-69E58743E272}"
EndProject
Project("{2150E333-8FDC-42A3-9474-1A3956D46DE8}") = "SolutionItems", "SolutionItems", "{02EA681E-C7D8-13C7-8484-4AC65E1B71E8}"
EndProject
Global
	GlobalSection(SolutionConfigurationPlatforms) = preSolution
		Debug|Any CPU = Debug|Any CPU
		Release|Any CPU = Release|Any CPU
	EndGlobalSection
	GlobalSection(ProjectConfigurationPlatforms) = postSolution
		{17A99984-97F0-4337-8B30-497581989222}.Debug|Any CPU.ActiveCfg = Debug|Any CPU
		{17A99984-97F0-4337-8B30-497581989222}.Debug|Any CPU.Build.0 = Debug|Any CPU
		{17A99984-97F0-4337-8B30-497581989222}.Release|Any CPU.ActiveCfg = Release|Any CPU
		{17A99984-97F0-4337-8B30-497581989222}.Release|Any CPU.Build.0 = Release|Any CPU
		{77620913-44BF-4DC2-8AC9-2C6B0BE05683}.Debug|Any CPU.ActiveCfg = Debug|Any CPU
		{77620913-44BF-4DC2-8AC9-2C6B0BE05683}.Debug|Any CPU.Build.0 = Debug|Any CPU
		{77620913-44BF-4DC2-8AC9-2C6B0BE05683}.Release|Any CPU.ActiveCfg = Release|Any CPU
		{77620913-44BF-4DC2-8AC9-2C6B0BE05683}.Release|Any CPU.Build.0 = Release|Any CPU
		{DA8E1D36-95FD-47A6-88C6-69E58743E272}.Debug|Any CPU.ActiveCfg = Debug|Any CPU
		{DA8E1D36-95FD-47A6-88C6-69E58743E272}.Debug|Any CPU.Build.0 = Debug|Any CPU
		{DA8E1D36-95FD-47A6-88C6-69E58743E272}.Release|Any CPU.ActiveCfg = Release|Any CPU
		{DA8E1D36-95FD-47A6-88C6-69E58743E272}.Release|Any CPU.Build.0 = Release|Any CPU
	EndGlobalSection
	GlobalSection(SolutionProperties) = preSolution
		HideSolutionNode = FALSE
	EndGlobalSection
	GlobalSection(ExtensibilityGlobals) = postSolution
		SolutionGuid = {216C275E-2B0C-455D-AAB9-D7E2D3CACBF3}
	EndGlobalSection
EndGlobal
